// !$*UTF8*$!
{
	archiveVersion = 1;
	classes = {
	};
	objectVersion = 55;
	objects = {

/* Begin PBXBuildFile section */
		2A78E88B2859C97F009D31B0 /* AppDelegate.swift in Sources */ = {isa = PBXBuildFile; fileRef = 2A78E88A2859C97F009D31B0 /* AppDelegate.swift */; };
		2A78E88D2859C97F009D31B0 /* SceneDelegate.swift in Sources */ = {isa = PBXBuildFile; fileRef = 2A78E88C2859C97F009D31B0 /* SceneDelegate.swift */; };
		2A78E88F2859C97F009D31B0 /* ViewController.swift in Sources */ = {isa = PBXBuildFile; fileRef = 2A78E88E2859C97F009D31B0 /* ViewController.swift */; };
		2A78E8922859C97F009D31B0 /* Main.storyboard in Resources */ = {isa = PBXBuildFile; fileRef = 2A78E8902859C97F009D31B0 /* Main.storyboard */; };
		2A78E8942859C980009D31B0 /* Assets.xcassets in Resources */ = {isa = PBXBuildFile; fileRef = 2A78E8932859C980009D31B0 /* Assets.xcassets */; };
		2A78E8972859C980009D31B0 /* LaunchScreen.storyboard in Resources */ = {isa = PBXBuildFile; fileRef = 2A78E8952859C980009D31B0 /* LaunchScreen.storyboard */; };
		2A78E8A22859C980009D31B0 /* MyBaseProjectTests.swift in Sources */ = {isa = PBXBuildFile; fileRef = 2A78E8A12859C980009D31B0 /* MyBaseProjectTests.swift */; };
		2A78E8AC2859C980009D31B0 /* MyBaseProjectUITests.swift in Sources */ = {isa = PBXBuildFile; fileRef = 2A78E8AB2859C980009D31B0 /* MyBaseProjectUITests.swift */; };
		2A78E8AE2859C980009D31B0 /* MyBaseProjectUITestsLaunchTests.swift in Sources */ = {isa = PBXBuildFile; fileRef = 2A78E8AD2859C980009D31B0 /* MyBaseProjectUITestsLaunchTests.swift */; };
/* End PBXBuildFile section */

/* Begin PBXContainerItemProxy section */
		2A78E89E2859C980009D31B0 /* PBXContainerItemProxy */ = {
			isa = PBXContainerItemProxy;
			containerPortal = 2A78E87F2859C97F009D31B0 /* Project object */;
			proxyType = 1;
			remoteGlobalIDString = 2A78E8862859C97F009D31B0;
			remoteInfo = MyBaseProject;
		};
		2A78E8A82859C980009D31B0 /* PBXContainerItemProxy */ = {
			isa = PBXContainerItemProxy;
			containerPortal = 2A78E87F2859C97F009D31B0 /* Project object */;
			proxyType = 1;
			remoteGlobalIDString = 2A78E8862859C97F009D31B0;
			remoteInfo = MyBaseProject;
		};
/* End PBXContainerItemProxy section */

/* Begin PBXFileReference section */
		2A78E8872859C97F009D31B0 /* MyBaseProject.app */ = {isa = PBXFileReference; explicitFileType = wrapper.application; includeInIndex = 0; path = MyBaseProject.app; sourceTree = BUILT_PRODUCTS_DIR; };
		2A78E88A2859C97F009D31B0 /* AppDelegate.swift */ = {isa = PBXFileReference; lastKnownFileType = sourcecode.swift; path = AppDelegate.swift; sourceTree = "<group>"; };
		2A78E88C2859C97F009D31B0 /* SceneDelegate.swift */ = {isa = PBXFileReference; lastKnownFileType = sourcecode.swift; path = SceneDelegate.swift; sourceTree = "<group>"; };
		2A78E88E2859C97F009D31B0 /* ViewController.swift */ = {isa = PBXFileReference; lastKnownFileType = sourcecode.swift; path = ViewController.swift; sourceTree = "<group>"; };
		2A78E8912859C97F009D31B0 /* Base */ = {isa = PBXFileReference; lastKnownFileType = file.storyboard; name = Base; path = Base.lproj/Main.storyboard; sourceTree = "<group>"; };
		2A78E8932859C980009D31B0 /* Assets.xcassets */ = {isa = PBXFileReference; lastKnownFileType = folder.assetcatalog; path = Assets.xcassets; sourceTree = "<group>"; };
		2A78E8962859C980009D31B0 /* Base */ = {isa = PBXFileReference; lastKnownFileType = file.storyboard; name = Base; path = Base.lproj/LaunchScreen.storyboard; sourceTree = "<group>"; };
		2A78E8982859C980009D31B0 /* Info.plist */ = {isa = PBXFileReference; lastKnownFileType = text.plist.xml; path = Info.plist; sourceTree = "<group>"; };
		2A78E89D2859C980009D31B0 /* MyBaseProjectTests.xctest */ = {isa = PBXFileReference; explicitFileType = wrapper.cfbundle; includeInIndex = 0; path = MyBaseProjectTests.xctest; sourceTree = BUILT_PRODUCTS_DIR; };
		2A78E8A12859C980009D31B0 /* MyBaseProjectTests.swift */ = {isa = PBXFileReference; lastKnownFileType = sourcecode.swift; path = MyBaseProjectTests.swift; sourceTree = "<group>"; };
		2A78E8A72859C980009D31B0 /* MyBaseProjectUITests.xctest */ = {isa = PBXFileReference; explicitFileType = wrapper.cfbundle; includeInIndex = 0; path = MyBaseProjectUITests.xctest; sourceTree = BUILT_PRODUCTS_DIR; };
		2A78E8AB2859C980009D31B0 /* MyBaseProjectUITests.swift */ = {isa = PBXFileReference; lastKnownFileType = sourcecode.swift; path = MyBaseProjectUITests.swift; sourceTree = "<group>"; };
		2A78E8AD2859C980009D31B0 /* MyBaseProjectUITestsLaunchTests.swift */ = {isa = PBXFileReference; lastKnownFileType = sourcecode.swift; path = MyBaseProjectUITestsLaunchTests.swift; sourceTree = "<group>"; };
/* End PBXFileReference section */

/* Begin PBXFrameworksBuildPhase section */
		2A78E8842859C97F009D31B0 /* Frameworks */ = {
			isa = PBXFrameworksBuildPhase;
			buildActionMask = 2147483647;
			files = (
			);
			runOnlyForDeploymentPostprocessing = 0;
		};
		2A78E89A2859C980009D31B0 /* Frameworks */ = {
			isa = PBXFrameworksBuildPhase;
			buildActionMask = 2147483647;
			files = (
			);
			runOnlyForDeploymentPostprocessing = 0;
		};
		2A78E8A42859C980009D31B0 /* Frameworks */ = {
			isa = PBXFrameworksBuildPhase;
			buildActionMask = 2147483647;
			files = (
			);
			runOnlyForDeploymentPostprocessing = 0;
		};
/* End PBXFrameworksBuildPhase section */

/* Begin PBXGroup section */
		2A78E87E2859C97F009D31B0 = {
			isa = PBXGroup;
			children = (
				2A78E8892859C97F009D31B0 /* MyBaseProject */,
				2A78E8A02859C980009D31B0 /* MyBaseProjectTests */,
				2A78E8AA2859C980009D31B0 /* MyBaseProjectUITests */,
				2A78E8882859C97F009D31B0 /* Products */,
			);
			sourceTree = "<group>";
		};
		2A78E8882859C97F009D31B0 /* Products */ = {
			isa = PBXGroup;
			children = (
				2A78E8872859C97F009D31B0 /* MyBaseProject.app */,
				2A78E89D2859C980009D31B0 /* MyBaseProjectTests.xctest */,
				2A78E8A72859C980009D31B0 /* MyBaseProjectUITests.xctest */,
			);
			name = Products;
			sourceTree = "<group>";
		};
		2A78E8892859C97F009D31B0 /* MyBaseProject */ = {
			isa = PBXGroup;
			children = (
				2A78E88A2859C97F009D31B0 /* AppDelegate.swift */,
				2A78E88C2859C97F009D31B0 /* SceneDelegate.swift */,
				2A78E88E2859C97F009D31B0 /* ViewController.swift */,
				2A78E8902859C97F009D31B0 /* Main.storyboard */,
				2A78E8932859C980009D31B0 /* Assets.xcassets */,
				2A78E8952859C980009D31B0 /* LaunchScreen.storyboard */,
				2A78E8982859C980009D31B0 /* Info.plist */,
			);
			path = MyBaseProject;
			sourceTree = "<group>";
		};
		2A78E8A02859C980009D31B0 /* MyBaseProjectTests */ = {
			isa = PBXGroup;
			children = (
				2A78E8A12859C980009D31B0 /* MyBaseProjectTests.swift */,
			);
			path = MyBaseProjectTests;
			sourceTree = "<group>";
		};
		2A78E8AA2859C980009D31B0 /* MyBaseProjectUITests */ = {
			isa = PBXGroup;
			children = (
				2A78E8AB2859C980009D31B0 /* MyBaseProjectUITests.swift */,
				2A78E8AD2859C980009D31B0 /* MyBaseProjectUITestsLaunchTests.swift */,
			);
			path = MyBaseProjectUITests;
			sourceTree = "<group>";
		};
/* End PBXGroup section */

/* Begin PBXNativeTarget section */
		2A78E8862859C97F009D31B0 /* MyBaseProject */ = {
			isa = PBXNativeTarget;
			buildConfigurationList = 2A78E8B12859C980009D31B0 /* Build configuration list for PBXNativeTarget "MyBaseProject" */;
			buildPhases = (
				2A78E8832859C97F009D31B0 /* Sources */,
				2A78E8842859C97F009D31B0 /* Frameworks */,
				2A78E8852859C97F009D31B0 /* Resources */,
			);
			buildRules = (
			);
			dependencies = (
			);
			name = MyBaseProject;
			productName = MyBaseProject;
			productReference = 2A78E8872859C97F009D31B0 /* MyBaseProject.app */;
			productType = "com.apple.product-type.application";
		};
		2A78E89C2859C980009D31B0 /* MyBaseProjectTests */ = {
			isa = PBXNativeTarget;
			buildConfigurationList = 2A78E8B42859C980009D31B0 /* Build configuration list for PBXNativeTarget "MyBaseProjectTests" */;
			buildPhases = (
				2A78E8992859C980009D31B0 /* Sources */,
				2A78E89A2859C980009D31B0 /* Frameworks */,
				2A78E89B2859C980009D31B0 /* Resources */,
			);
			buildRules = (
			);
			dependencies = (
				2A78E89F2859C980009D31B0 /* PBXTargetDependency */,
			);
			name = MyBaseProjectTests;
			productName = MyBaseProjectTests;
			productReference = 2A78E89D2859C980009D31B0 /* MyBaseProjectTests.xctest */;
			productType = "com.apple.product-type.bundle.unit-test";
		};
		2A78E8A62859C980009D31B0 /* MyBaseProjectUITests */ = {
			isa = PBXNativeTarget;
			buildConfigurationList = 2A78E8B72859C980009D31B0 /* Build configuration list for PBXNativeTarget "MyBaseProjectUITests" */;
			buildPhases = (
				2A78E8A32859C980009D31B0 /* Sources */,
				2A78E8A42859C980009D31B0 /* Frameworks */,
				2A78E8A52859C980009D31B0 /* Resources */,
			);
			buildRules = (
			);
			dependencies = (
				2A78E8A92859C980009D31B0 /* PBXTargetDependency */,
			);
			name = MyBaseProjectUITests;
			productName = MyBaseProjectUITests;
			productReference = 2A78E8A72859C980009D31B0 /* MyBaseProjectUITests.xctest */;
			productType = "com.apple.product-type.bundle.ui-testing";
		};
/* End PBXNativeTarget section */

/* Begin PBXProject section */
		2A78E87F2859C97F009D31B0 /* Project object */ = {
			isa = PBXProject;
			attributes = {
				BuildIndependentTargetsInParallel = 1;
				LastSwiftUpdateCheck = 1330;
				LastUpgradeCheck = 1330;
				TargetAttributes = {
					2A78E8862859C97F009D31B0 = {
						CreatedOnToolsVersion = 13.3;
					};
					2A78E89C2859C980009D31B0 = {
						CreatedOnToolsVersion = 13.3;
						TestTargetID = 2A78E8862859C97F009D31B0;
					};
					2A78E8A62859C980009D31B0 = {
						CreatedOnToolsVersion = 13.3;
						TestTargetID = 2A78E8862859C97F009D31B0;
					};
				};
			};
			buildConfigurationList = 2A78E8822859C97F009D31B0 /* Build configuration list for PBXProject "MyBaseProject" */;
			compatibilityVersion = "Xcode 13.0";
			developmentRegion = en;
			hasScannedForEncodings = 0;
			knownRegions = (
				en,
				Base,
			);
			mainGroup = 2A78E87E2859C97F009D31B0;
			productRefGroup = 2A78E8882859C97F009D31B0 /* Products */;
			projectDirPath = "";
			projectRoot = "";
			targets = (
				2A78E8862859C97F009D31B0 /* MyBaseProject */,
				2A78E89C2859C980009D31B0 /* MyBaseProjectTests */,
				2A78E8A62859C980009D31B0 /* MyBaseProjectUITests */,
			);
		};
/* End PBXProject section */

/* Begin PBXResourcesBuildPhase section */
		2A78E8852859C97F009D31B0 /* Resources */ = {
			isa = PBXResourcesBuildPhase;
			buildActionMask = 2147483647;
			files = (
				2A78E8972859C980009D31B0 /* LaunchScreen.storyboard in Resources */,
				2A78E8942859C980009D31B0 /* Assets.xcassets in Resources */,
				2A78E8922859C97F009D31B0 /* Main.storyboard in Resources */,
			);
			runOnlyForDeploymentPostprocessing = 0;
		};
		2A78E89B2859C980009D31B0 /* Resources */ = {
			isa = PBXResourcesBuildPhase;
			buildActionMask = 2147483647;
			files = (
			);
			runOnlyForDeploymentPostprocessing = 0;
		};
		2A78E8A52859C980009D31B0 /* Resources */ = {
			isa = PBXResourcesBuildPhase;
			buildActionMask = 2147483647;
			files = (
			);
			runOnlyForDeploymentPostprocessing = 0;
		};
/* End PBXResourcesBuildPhase section */

/* Begin PBXSourcesBuildPhase section */
		2A78E8832859C97F009D31B0 /* Sources */ = {
			isa = PBXSourcesBuildPhase;
			buildActionMask = 2147483647;
			files = (
				2A78E88F2859C97F009D31B0 /* ViewController.swift in Sources */,
				2A78E88B2859C97F009D31B0 /* AppDelegate.swift in Sources */,
				2A78E88D2859C97F009D31B0 /* SceneDelegate.swift in Sources */,
			);
			runOnlyForDeploymentPostprocessing = 0;
		};
		2A78E8992859C980009D31B0 /* Sources */ = {
			isa = PBXSourcesBuildPhase;
			buildActionMask = 2147483647;
			files = (
				2A78E8A22859C980009D31B0 /* MyBaseProjectTests.swift in Sources */,
			);
			runOnlyForDeploymentPostprocessing = 0;
		};
		2A78E8A32859C980009D31B0 /* Sources */ = {
			isa = PBXSourcesBuildPhase;
			buildActionMask = 2147483647;
			files = (
				2A78E8AC2859C980009D31B0 /* MyBaseProjectUITests.swift in Sources */,
				2A78E8AE2859C980009D31B0 /* MyBaseProjectUITestsLaunchTests.swift in Sources */,
			);
			runOnlyForDeploymentPostprocessing = 0;
		};
/* End PBXSourcesBuildPhase section */

/* Begin PBXTargetDependency section */
		2A78E89F2859C980009D31B0 /* PBXTargetDependency */ = {
			isa = PBXTargetDependency;
			target = 2A78E8862859C97F009D31B0 /* MyBaseProject */;
			targetProxy = 2A78E89E2859C980009D31B0 /* PBXContainerItemProxy */;
		};
		2A78E8A92859C980009D31B0 /* PBXTargetDependency */ = {
			isa = PBXTargetDependency;
			target = 2A78E8862859C97F009D31B0 /* MyBaseProject */;
			targetProxy = 2A78E8A82859C980009D31B0 /* PBXContainerItemProxy */;
		};
/* End PBXTargetDependency section */

/* Begin PBXVariantGroup section */
		2A78E8902859C97F009D31B0 /* Main.storyboard */ = {
			isa = PBXVariantGroup;
			children = (
				2A78E8912859C97F009D31B0 /* Base */,
			);
			name = Main.storyboard;
			sourceTree = "<group>";
		};
		2A78E8952859C980009D31B0 /* LaunchScreen.storyboard */ = {
			isa = PBXVariantGroup;
			children = (
				2A78E8962859C980009D31B0 /* Base */,
			);
			name = LaunchScreen.storyboard;
			sourceTree = "<group>";
		};
/* End PBXVariantGroup section */

/* Begin XCBuildConfiguration section */
		2A78E8AF2859C980009D31B0 /* Debug */ = {
			isa = XCBuildConfiguration;
			buildSettings = {
				ALWAYS_SEARCH_USER_PATHS = NO;
				CLANG_ANALYZER_NONNULL = YES;
				CLANG_ANALYZER_NUMBER_OBJECT_CONVERSION = YES_AGGRESSIVE;
				CLANG_CXX_LANGUAGE_STANDARD = "gnu++17";
				CLANG_ENABLE_MODULES = YES;
				CLANG_ENABLE_OBJC_ARC = YES;
				CLANG_ENABLE_OBJC_WEAK = YES;
				CLANG_WARN_BLOCK_CAPTURE_AUTORELEASING = YES;
				CLANG_WARN_BOOL_CONVERSION = YES;
				CLANG_WARN_COMMA = YES;
				CLANG_WARN_CONSTANT_CONVERSION = YES;
				CLANG_WARN_DEPRECATED_OBJC_IMPLEMENTATIONS = YES;
				CLANG_WARN_DIRECT_OBJC_ISA_USAGE = YES_ERROR;
				CLANG_WARN_DOCUMENTATION_COMMENTS = YES;
				CLANG_WARN_EMPTY_BODY = YES;
				CLANG_WARN_ENUM_CONVERSION = YES;
				CLANG_WARN_INFINITE_RECURSION = YES;
				CLANG_WARN_INT_CONVERSION = YES;
				CLANG_WARN_NON_LITERAL_NULL_CONVERSION = YES;
				CLANG_WARN_OBJC_IMPLICIT_RETAIN_SELF = YES;
				CLANG_WARN_OBJC_LITERAL_CONVERSION = YES;
				CLANG_WARN_OBJC_ROOT_CLASS = YES_ERROR;
				CLANG_WARN_QUOTED_INCLUDE_IN_FRAMEWORK_HEADER = YES;
				CLANG_WARN_RANGE_LOOP_ANALYSIS = YES;
				CLANG_WARN_STRICT_PROTOTYPES = YES;
				CLANG_WARN_SUSPICIOUS_MOVE = YES;
				CLANG_WARN_UNGUARDED_AVAILABILITY = YES_AGGRESSIVE;
				CLANG_WARN_UNREACHABLE_CODE = YES;
				CLANG_WARN__DUPLICATE_METHOD_MATCH = YES;
				COPY_PHASE_STRIP = NO;
				DEBUG_INFORMATION_FORMAT = dwarf;
				ENABLE_STRICT_OBJC_MSGSEND = YES;
				ENABLE_TESTABILITY = YES;
				GCC_C_LANGUAGE_STANDARD = gnu11;
				GCC_DYNAMIC_NO_PIC = NO;
				GCC_NO_COMMON_BLOCKS = YES;
				GCC_OPTIMIZATION_LEVEL = 0;
				GCC_PREPROCESSOR_DEFINITIONS = (
					"DEBUG=1",
					"$(inherited)",
				);
				GCC_WARN_64_TO_32_BIT_CONVERSION = YES;
				GCC_WARN_ABOUT_RETURN_TYPE = YES_ERROR;
				GCC_WARN_UNDECLARED_SELECTOR = YES;
				GCC_WARN_UNINITIALIZED_AUTOS = YES_AGGRESSIVE;
				GCC_WARN_UNUSED_FUNCTION = YES;
				GCC_WARN_UNUSED_VARIABLE = YES;
				IPHONEOS_DEPLOYMENT_TARGET = 15.4;
				MTL_ENABLE_DEBUG_INFO = INCLUDE_SOURCE;
				MTL_FAST_MATH = YES;
				ONLY_ACTIVE_ARCH = YES;
				SDKROOT = iphoneos;
				SWIFT_ACTIVE_COMPILATION_CONDITIONS = DEBUG;
				SWIFT_OPTIMIZATION_LEVEL = "-Onone";
			};
			name = Debug;
		};
		2A78E8B02859C980009D31B0 /* Release */ = {
			isa = XCBuildConfiguration;
			buildSettings = {
				ALWAYS_SEARCH_USER_PATHS = NO;
				CLANG_ANALYZER_NONNULL = YES;
				CLANG_ANALYZER_NUMBER_OBJECT_CONVERSION = YES_AGGRESSIVE;
				CLANG_CXX_LANGUAGE_STANDARD = "gnu++17";
				CLANG_ENABLE_MODULES = YES;
				CLANG_ENABLE_OBJC_ARC = YES;
				CLANG_ENABLE_OBJC_WEAK = YES;
				CLANG_WARN_BLOCK_CAPTURE_AUTORELEASING = YES;
				CLANG_WARN_BOOL_CONVERSION = YES;
				CLANG_WARN_COMMA = YES;
				CLANG_WARN_CONSTANT_CONVERSION = YES;
				CLANG_WARN_DEPRECATED_OBJC_IMPLEMENTATIONS = YES;
				CLANG_WARN_DIRECT_OBJC_ISA_USAGE = YES_ERROR;
				CLANG_WARN_DOCUMENTATION_COMMENTS = YES;
				CLANG_WARN_EMPTY_BODY = YES;
				CLANG_WARN_ENUM_CONVERSION = YES;
				CLANG_WARN_INFINITE_RECURSION = YES;
				CLANG_WARN_INT_CONVERSION = YES;
				CLANG_WARN_NON_LITERAL_NULL_CONVERSION = YES;
				CLANG_WARN_OBJC_IMPLICIT_RETAIN_SELF = YES;
				CLANG_WARN_OBJC_LITERAL_CONVERSION = YES;
				CLANG_WARN_OBJC_ROOT_CLASS = YES_ERROR;
				CLANG_WARN_QUOTED_INCLUDE_IN_FRAMEWORK_HEADER = YES;
				CLANG_WARN_RANGE_LOOP_ANALYSIS = YES;
				CLANG_WARN_STRICT_PROTOTYPES = YES;
				CLANG_WARN_SUSPICIOUS_MOVE = YES;
				CLANG_WARN_UNGUARDED_AVAILABILITY = YES_AGGRESSIVE;
				CLANG_WARN_UNREACHABLE_CODE = YES;
				CLANG_WARN__DUPLICATE_METHOD_MATCH = YES;
				COPY_PHASE_STRIP = NO;
				DEBUG_INFORMATION_FORMAT = "dwarf-with-dsym";
				ENABLE_NS_ASSERTIONS = NO;
				ENABLE_STRICT_OBJC_MSGSEND = YES;
				GCC_C_LANGUAGE_STANDARD = gnu11;
				GCC_NO_COMMON_BLOCKS = YES;
				GCC_WARN_64_TO_32_BIT_CONVERSION = YES;
				GCC_WARN_ABOUT_RETURN_TYPE = YES_ERROR;
				GCC_WARN_UNDECLARED_SELECTOR = YES;
				GCC_WARN_UNINITIALIZED_AUTOS = YES_AGGRESSIVE;
				GCC_WARN_UNUSED_FUNCTION = YES;
				GCC_WARN_UNUSED_VARIABLE = YES;
				IPHONEOS_DEPLOYMENT_TARGET = 15.4;
				MTL_ENABLE_DEBUG_INFO = NO;
				MTL_FAST_MATH = YES;
				SDKROOT = iphoneos;
				SWIFT_COMPILATION_MODE = wholemodule;
				SWIFT_OPTIMIZATION_LEVEL = "-O";
				VALIDATE_PRODUCT = YES;
			};
			name = Release;
		};
		2A78E8B22859C980009D31B0 /* Debug */ = {
			isa = XCBuildConfiguration;
			buildSettings = {
				ASSETCATALOG_COMPILER_APPICON_NAME = AppIcon;
				ASSETCATALOG_COMPILER_GLOBAL_ACCENT_COLOR_NAME = AccentColor;
				CODE_SIGN_STYLE = Automatic;
				CURRENT_PROJECT_VERSION = 1;
				DEVELOPMENT_TEAM = UBCLLQJ28M;
				GENERATE_INFOPLIST_FILE = YES;
				INFOPLIST_FILE = MyBaseProject/Info.plist;
				INFOPLIST_KEY_UIApplicationSupportsIndirectInputEvents = YES;
				INFOPLIST_KEY_UILaunchStoryboardName = LaunchScreen;
				INFOPLIST_KEY_UIMainStoryboardFile = Main;
				INFOPLIST_KEY_UISupportedInterfaceOrientations_iPad = "UIInterfaceOrientationPortrait UIInterfaceOrientationPortraitUpsideDown UIInterfaceOrientationLandscapeLeft UIInterfaceOrientationLandscapeRight";
				INFOPLIST_KEY_UISupportedInterfaceOrientations_iPhone = "UIInterfaceOrientationPortrait UIInterfaceOrientationLandscapeLeft UIInterfaceOrientationLandscapeRight";
				LD_RUNPATH_SEARCH_PATHS = (
					"$(inherited)",
					"@executable_path/Frameworks",
				);
				MARKETING_VERSION = 1.0;
				PRODUCT_BUNDLE_IDENTIFIER = com.hoangnm.MyBaseProject;
				PRODUCT_NAME = "$(TARGET_NAME)";
				SWIFT_EMIT_LOC_STRINGS = YES;
				SWIFT_VERSION = 5.0;
				TARGETED_DEVICE_FAMILY = "1,2";
			};
			name = Debug;
		};
		2A78E8B32859C980009D31B0 /* Release */ = {
			isa = XCBuildConfiguration;
			buildSettings = {
				ASSETCATALOG_COMPILER_APPICON_NAME = AppIcon;
				ASSETCATALOG_COMPILER_GLOBAL_ACCENT_COLOR_NAME = AccentColor;
				CODE_SIGN_STYLE = Automatic;
				CURRENT_PROJECT_VERSION = 1;
				DEVELOPMENT_TEAM = UBCLLQJ28M;
				GENERATE_INFOPLIST_FILE = YES;
				INFOPLIST_FILE = MyBaseProject/Info.plist;
				INFOPLIST_KEY_UIApplicationSupportsIndirectInputEvents = YES;
				INFOPLIST_KEY_UILaunchStoryboardName = LaunchScreen;
				INFOPLIST_KEY_UIMainStoryboardFile = Main;
				INFOPLIST_KEY_UISupportedInterfaceOrientations_iPad = "UIInterfaceOrientationPortrait UIInterfaceOrientationPortraitUpsideDown UIInterfaceOrientationLandscapeLeft UIInterfaceOrientationLandscapeRight";
				INFOPLIST_KEY_UISupportedInterfaceOrientations_iPhone = "UIInterfaceOrientationPortrait UIInterfaceOrientationLandscapeLeft UIInterfaceOrientationLandscapeRight";
				LD_RUNPATH_SEARCH_PATHS = (
					"$(inherited)",
					"@executable_path/Frameworks",
				);
				MARKETING_VERSION = 1.0;
				PRODUCT_BUNDLE_IDENTIFIER = com.hoangnm.MyBaseProject;
				PRODUCT_NAME = "$(TARGET_NAME)";
				SWIFT_EMIT_LOC_STRINGS = YES;
				SWIFT_VERSION = 5.0;
				TARGETED_DEVICE_FAMILY = "1,2";
			};
			name = Release;
		};
		2A78E8B52859C980009D31B0 /* Debug */ = {
			isa = XCBuildConfiguration;
			buildSettings = {
				ALWAYS_EMBED_SWIFT_STANDARD_LIBRARIES = YES;
				BUNDLE_LOADER = "$(TEST_HOST)";
				CODE_SIGN_STYLE = Automatic;
				CURRENT_PROJECT_VERSION = 1;
				DEVELOPMENT_TEAM = UBCLLQJ28M;
				GENERATE_INFOPLIST_FILE = YES;
				IPHONEOS_DEPLOYMENT_TARGET = 15.4;
				MARKETING_VERSION = 1.0;
				PRODUCT_BUNDLE_IDENTIFIER = com.hoangnm.MyBaseProjectTests;
				PRODUCT_NAME = "$(TARGET_NAME)";
				SWIFT_EMIT_LOC_STRINGS = NO;
				SWIFT_VERSION = 5.0;
				TARGETED_DEVICE_FAMILY = "1,2";
				TEST_HOST = "$(BUILT_PRODUCTS_DIR)/MyBaseProject.app/MyBaseProject";
			};
			name = Debug;
		};
		2A78E8B62859C980009D31B0 /* Release */ = {
			isa = XCBuildConfiguration;
			buildSettings = {
				ALWAYS_EMBED_SWIFT_STANDARD_LIBRARIES = YES;
				BUNDLE_LOADER = "$(TEST_HOST)";
				CODE_SIGN_STYLE = Automatic;
				CURRENT_PROJECT_VERSION = 1;
				DEVELOPMENT_TEAM = UBCLLQJ28M;
				GENERATE_INFOPLIST_FILE = YES;
				IPHONEOS_DEPLOYMENT_TARGET = 15.4;
				MARKETING_VERSION = 1.0;
				PRODUCT_BUNDLE_IDENTIFIER = com.hoangnm.MyBaseProjectTests;
				PRODUCT_NAME = "$(TARGET_NAME)";
				SWIFT_EMIT_LOC_STRINGS = NO;
				SWIFT_VERSION = 5.0;
				TARGETED_DEVICE_FAMILY = "1,2";
				TEST_HOST = "$(BUILT_PRODUCTS_DIR)/MyBaseProject.app/MyBaseProject";
			};
			name = Release;
		};
		2A78E8B82859C980009D31B0 /* Debug */ = {
			isa = XCBuildConfiguration;
			buildSettings = {
				ALWAYS_EMBED_SWIFT_STANDARD_LIBRARIES = YES;
				CODE_SIGN_STYLE = Automatic;
				CURRENT_PROJECT_VERSION = 1;
				DEVELOPMENT_TEAM = UBCLLQJ28M;
				GENERATE_INFOPLIST_FILE = YES;
				MARKETING_VERSION = 1.0;
				PRODUCT_BUNDLE_IDENTIFIER = com.hoangnm.MyBaseProjectUITests;
				PRODUCT_NAME = "$(TARGET_NAME)";
				SWIFT_EMIT_LOC_STRINGS = NO;
				SWIFT_VERSION = 5.0;
				TARGETED_DEVICE_FAMILY = "1,2";
				TEST_TARGET_NAME = MyBaseProject;
			};
			name = Debug;
		};
		2A78E8B92859C980009D31B0 /* Release */ = {
			isa = XCBuildConfiguration;
			buildSettings = {
				ALWAYS_EMBED_SWIFT_STANDARD_LIBRARIES = YES;
				CODE_SIGN_STYLE = Automatic;
				CURRENT_PROJECT_VERSION = 1;
				DEVELOPMENT_TEAM = UBCLLQJ28M;
				GENERATE_INFOPLIST_FILE = YES;
				MARKETING_VERSION = 1.0;
				PRODUCT_BUNDLE_IDENTIFIER = com.hoangnm.MyBaseProjectUITests;
				PRODUCT_NAME = "$(TARGET_NAME)";
				SWIFT_EMIT_LOC_STRINGS = NO;
				SWIFT_VERSION = 5.0;
				TARGETED_DEVICE_FAMILY = "1,2";
				TEST_TARGET_NAME = MyBaseProject;
			};
			name = Release;
		};
/* End XCBuildConfiguration section */

/* Begin XCConfigurationList section */
		2A78E8822859C97F009D31B0 /* Build configuration list for PBXProject "MyBaseProject" */ = {
			isa = XCConfigurationList;
			buildConfigurations = (
				2A78E8AF2859C980009D31B0 /* Debug */,
				2A78E8B02859C980009D31B0 /* Release */,
			);
			defaultConfigurationIsVisible = 0;
			defaultConfigurationName = Release;
		};
		2A78E8B12859C980009D31B0 /* Build configuration list for PBXNativeTarget "MyBaseProject" */ = {
			isa = XCConfigurationList;
			buildConfigurations = (
				2A78E8B22859C980009D31B0 /* Debug */,
				2A78E8B32859C980009D31B0 /* Release */,
			);
			defaultConfigurationIsVisible = 0;
			defaultConfigurationName = Release;
		};
		2A78E8B42859C980009D31B0 /* Build configuration list for PBXNativeTarget "MyBaseProjectTests" */ = {
			isa = XCConfigurationList;
			buildConfigurations = (
				2A78E8B52859C980009D31B0 /* Debug */,
				2A78E8B62859C980009D31B0 /* Release */,
			);
			defaultConfigurationIsVisible = 0;
			defaultConfigurationName = Release;
		};
		2A78E8B72859C980009D31B0 /* Build configuration list for PBXNativeTarget "MyBaseProjectUITests" */ = {
			isa = XCConfigurationList;
			buildConfigurations = (
				2A78E8B82859C980009D31B0 /* Debug */,
				2A78E8B92859C980009D31B0 /* Release */,
			);
			defaultConfigurationIsVisible = 0;
			defaultConfigurationName = Release;
		};
/* End XCConfigurationList section */
	};
	rootObject = 2A78E87F2859C97F009D31B0 /* Project object */;
}
